
Microsoft Visual Studio Solution File, Format Version 12.00
# Visual Studio Version 16
VisualStudioVersion = 16.0.30907.101
MinimumVisualStudioVersion = 10.0.40219.1
Project("{9A19103F-16F7-4668-BE54-9A1E7A4F7556}") = "Algoritimodotnet", "Algoritimodotnet\Algoritimodotnet.csproj", "{C8F85FF6-5182-4165-A58A-B3F73FF54CD5}"
EndProject
Project("{9A19103F-16F7-4668-BE54-9A1E7A4F7556}") = "Aula3 variaveis", "Aula3 variaveis\Aula3 variaveis.csproj", "{5150DE4C-3CEB-4BF6-B6FE-D8ABA1525506}"
EndProject
Project("{9A19103F-16F7-4668-BE54-9A1E7A4F7556}") = "Aula5Operadores", "Aula5Operadores\Aula5Operadores.csproj", "{B3E387BD-05AE-47CE-8C45-35D0C2E1EC2A}"
EndProject
Project("{9A19103F-16F7-4668-BE54-9A1E7A4F7556}") = "Aula6-formatansosaida", "Aula6-formatansosaida\Aula6-formatansosaida.csproj", "{A54F03E8-63B5-4A29-8988-5AE92491C2F6}"
EndProject
Project("{2150E333-8FDC-42A3-9474-1A3956D46DE8}") = "CFB", "CFB", "{48A94069-2C6B-41A9-91E1-883B8ACF7CB0}"
EndProject
Project("{9A19103F-16F7-4668-BE54-9A1E7A4F7556}") = "DIO-Solução de problemas em C", "DIO-Solução de problemas em C\DIO-Solução de problemas em C.csproj", "{41B872E4-8BDE-437C-9469-C9159CC482B3}"
EndProject
Project("{2150E333-8FDC-42A3-9474-1A3956D46DE8}") = "DIOSoluçãoDeProblemas", "DIOSoluçãoDeProblemas", "{9D83ED8E-3E55-430A-A661-3E71F4595763}"
EndProject
Project("{9A19103F-16F7-4668-BE54-9A1E7A4F7556}") = "DDD Solucao2", "DDD Solucao2\DDD Solucao2.csproj", "{6E12545C-4690-40B4-82DA-EBA92055DC0C}"
EndProject
Project("{9A19103F-16F7-4668-BE54-9A1E7A4F7556}") = "Solucao 3 Aumento de Salario", "Solucao 3 Aumento de Salario\Solucao 3 Aumento de Salario.csproj", "{4C011AA1-6B94-4A1F-AE55-59206D26F65A}"
EndProject
Project("{9A19103F-16F7-4668-BE54-9A1E7A4F7556}") = "Hack", "Hack\Hack.csproj", "{C901D167-5FDF-4430-BCB1-F1B2992FFFDE}"
EndProject
Project("{2150E333-8FDC-42A3-9474-1A3956D46DE8}") = "HakeHank", "HakeHank", "{6C762768-F7CE-47B0-BF82-5D0FF752BB7B}"
EndProject
Project("{9A19103F-16F7-4668-BE54-9A1E7A4F7556}") = "Simple Array Sum", "Simple Array Sum\Simple Array Sum.csproj", "{D441D6C9-50A8-4F86-B183-46CC328B5804}"
EndProject
Project("{9A19103F-16F7-4668-BE54-9A1E7A4F7556}") = "Compare the Triplets", "Compare the Triplets\Compare the Triplets.csproj", "{4E6FEA34-05AF-4801-A2F2-A22EFBC1987E}"
EndProject
Project("{9A19103F-16F7-4668-BE54-9A1E7A4F7556}") = "Solucao-Aritimetica-primeiro", "..\Solucao-Aritimetica-primeiro\Solucao-Aritimetica-primeiro.csproj", "{3E16CCB9-F27C-4F86-98B1-F4200299AFBE}"
EndProject
Project("{2150E333-8FDC-42A3-9474-1A3956D46DE8}") = "DIO-Solucao-Aritimetica", "DIO-Solucao-Aritimetica", "{79BE843B-D462-4521-A8C8-8ECBEEA2C77F}"
EndProject
Project("{9A19103F-16F7-4668-BE54-9A1E7A4F7556}") = "cresimento-populacional-segundo", "cresimento-populacional-segundo\cresimento-populacional-segundo.csproj", "{595A6EEA-A7C9-484E-9C52-013DB40BEC2E}"
EndProject
Project("{9A19103F-16F7-4668-BE54-9A1E7A4F7556}") = "Pilha DocMicros", "List Aula57\Pilha DocMicros.csproj", "{6F4AB85D-B4B8-4866-9190-F6318817383A}"
EndProject
Project("{9A19103F-16F7-4668-BE54-9A1E7A4F7556}") = "AUla-56 LinkdList", "AUla-56 LinkdList\AUla-56 LinkdList.csproj", "{E66AA944-2D76-4A28-A47F-309A1A089E84}"
EndProject
Project("{9A19103F-16F7-4668-BE54-9A1E7A4F7556}") = "Teste", "Teste\Teste.csproj", "{349EB8DF-3EAC-4DEF-9791-0C1DE8BAD330}"
EndProject
Project("{9A19103F-16F7-4668-BE54-9A1E7A4F7556}") = "Sales by Match", "Sales by Match\Sales by Match.csproj", "{2592D84B-95D5-4526-A2EE-7B246EEA13CA}"
EndProject
Project("{9A19103F-16F7-4668-BE54-9A1E7A4F7556}") = "Aula57 Pilha", "Aula57 Pilha\Aula57 Pilha.csproj", "{B9C0861C-CF33-4C0C-81A0-B96A8EBBC9C7}"
EndProject
Project("{2150E333-8FDC-42A3-9474-1A3956D46DE8}") = "DocMicros", "DocMicros", "{95A9141F-9455-4C9A-9F92-F0DF6611AEFB}"
EndProject
Project("{2150E333-8FDC-42A3-9474-1A3956D46DE8}") = "Tutorial", "Tutorial", "{32348EE5-999F-40B8-A4BD-D8A0EAEFA5C1}"
EndProject
Project("{9A19103F-16F7-4668-BE54-9A1E7A4F7556}") = "TutorialInicio", "TutorialInicio\TutorialInicio.csproj", "{8AB88BC1-431B-4CC7-B196-CAE53461EC9D}"
EndProject
Project("{9A19103F-16F7-4668-BE54-9A1E7A4F7556}") = "Array -Vetor - Curso- Programação -Completo C - Aula 17", "Array -Vetor - Curso- Programação -Completo C - Aula 17\Array -Vetor - Curso- Programação -Completo C - Aula 17.csproj", "{7BC75BA6-1DBC-4134-B80E-5C0CABD43333}"
EndProject
Project("{9A19103F-16F7-4668-BE54-9A1E7A4F7556}") = "Bazinga", "Bazinga\Bazinga.csproj", "{2125C7B7-E78D-494F-9810-A2758298DC03}"
EndProject
Project("{9A19103F-16F7-4668-BE54-9A1E7A4F7556}") = "Tempo de um Evento quarto", "Tempo de um Evento quarto\Tempo de um Evento quarto.csproj", "{6FF05329-FD71-4366-810D-0B79ABB8C44A}"
EndProject
Project("{9A19103F-16F7-4668-BE54-9A1E7A4F7556}") = "Piralandia", "Piralandia\Piralandia.csproj", "{F7CCC4F8-1FC1-4E6C-BB28-757DA02844E5}"
EndProject
Project("{9A19103F-16F7-4668-BE54-9A1E7A4F7556}") = "Uri-1002 AreaDoCirculo", "Uri-1002 AreaDoCirculo\Uri-1002 AreaDoCirculo.csproj", "{96B7AFE5-204C-43D8-9FAD-B76FC4C9A349}"
EndProject
Project("{2150E333-8FDC-42A3-9474-1A3956D46DE8}") = "URI", "URI", "{F55F0263-F6F7-4AC7-9AAF-013983B5A88C}"
EndProject
Project("{9A19103F-16F7-4668-BE54-9A1E7A4F7556}") = "MetodosCFB", "MetodosCFB\MetodosCFB.csproj", "{F97C3A8E-284B-4F9B-872C-C440847A2AF9}"
EndProject
Project("{FAE04EC0-301F-11D3-BF4B-00C04F79EFBC}") = "DiamantesDaAreia-Uri_1069", "DiamantesDaAreia-Uri_1069\DiamantesDaAreia-Uri_1069.csproj", "{35FE5773-604D-4029-96DF-67213C36E854}"
EndProject
Global
	GlobalSection(SolutionConfigurationPlatforms) = preSolution
		Debug|Any CPU = Debug|Any CPU
		Release|Any CPU = Release|Any CPU
	EndGlobalSection
	GlobalSection(ProjectConfigurationPlatforms) = postSolution
		{C8F85FF6-5182-4165-A58A-B3F73FF54CD5}.Debug|Any CPU.ActiveCfg = Debug|Any CPU
		{C8F85FF6-5182-4165-A58A-B3F73FF54CD5}.Debug|Any CPU.Build.0 = Debug|Any CPU
		{C8F85FF6-5182-4165-A58A-B3F73FF54CD5}.Release|Any CPU.ActiveCfg = Release|Any CPU
		{C8F85FF6-5182-4165-A58A-B3F73FF54CD5}.Release|Any CPU.Build.0 = Release|Any CPU
		{5150DE4C-3CEB-4BF6-B6FE-D8ABA1525506}.Debug|Any CPU.ActiveCfg = Debug|Any CPU
		{5150DE4C-3CEB-4BF6-B6FE-D8ABA1525506}.Debug|Any CPU.Build.0 = Debug|Any CPU
		{5150DE4C-3CEB-4BF6-B6FE-D8ABA1525506}.Release|Any CPU.ActiveCfg = Release|Any CPU
		{5150DE4C-3CEB-4BF6-B6FE-D8ABA1525506}.Release|Any CPU.Build.0 = Release|Any CPU
		{B3E387BD-05AE-47CE-8C45-35D0C2E1EC2A}.Debug|Any CPU.ActiveCfg = Debug|Any CPU
		{B3E387BD-05AE-47CE-8C45-35D0C2E1EC2A}.Debug|Any CPU.Build.0 = Debug|Any CPU
		{B3E387BD-05AE-47CE-8C45-35D0C2E1EC2A}.Release|Any CPU.ActiveCfg = Release|Any CPU
		{B3E387BD-05AE-47CE-8C45-35D0C2E1EC2A}.Release|Any CPU.Build.0 = Release|Any CPU
		{A54F03E8-63B5-4A29-8988-5AE92491C2F6}.Debug|Any CPU.ActiveCfg = Debug|Any CPU
		{A54F03E8-63B5-4A29-8988-5AE92491C2F6}.Debug|Any CPU.Build.0 = Debug|Any CPU
		{A54F03E8-63B5-4A29-8988-5AE92491C2F6}.Release|Any CPU.ActiveCfg = Release|Any CPU
		{A54F03E8-63B5-4A29-8988-5AE92491C2F6}.Release|Any CPU.Build.0 = Release|Any CPU
		{41B872E4-8BDE-437C-9469-C9159CC482B3}.Debug|Any CPU.ActiveCfg = Debug|Any CPU
		{41B872E4-8BDE-437C-9469-C9159CC482B3}.Debug|Any CPU.Build.0 = Debug|Any CPU
		{41B872E4-8BDE-437C-9469-C9159CC482B3}.Release|Any CPU.ActiveCfg = Release|Any CPU
		{41B872E4-8BDE-437C-9469-C9159CC482B3}.Release|Any CPU.Build.0 = Release|Any CPU
		{6E12545C-4690-40B4-82DA-EBA92055DC0C}.Debug|Any CPU.ActiveCfg = Debug|Any CPU
		{6E12545C-4690-40B4-82DA-EBA92055DC0C}.Debug|Any CPU.Build.0 = Debug|Any CPU
		{6E12545C-4690-40B4-82DA-EBA92055DC0C}.Release|Any CPU.ActiveCfg = Release|Any CPU
		{6E12545C-4690-40B4-82DA-EBA92055DC0C}.Release|Any CPU.Build.0 = Release|Any CPU
		{4C011AA1-6B94-4A1F-AE55-59206D26F65A}.Debug|Any CPU.ActiveCfg = Debug|Any CPU
		{4C011AA1-6B94-4A1F-AE55-59206D26F65A}.Debug|Any CPU.Build.0 = Debug|Any CPU
		{4C011AA1-6B94-4A1F-AE55-59206D26F65A}.Release|Any CPU.ActiveCfg = Release|Any CPU
		{4C011AA1-6B94-4A1F-AE55-59206D26F65A}.Release|Any CPU.Build.0 = Release|Any CPU
		{C901D167-5FDF-4430-BCB1-F1B2992FFFDE}.Debug|Any CPU.ActiveCfg = Debug|Any CPU
		{C901D167-5FDF-4430-BCB1-F1B2992FFFDE}.Debug|Any CPU.Build.0 = Debug|Any CPU
		{C901D167-5FDF-4430-BCB1-F1B2992FFFDE}.Release|Any CPU.ActiveCfg = Release|Any CPU
		{C901D167-5FDF-4430-BCB1-F1B2992FFFDE}.Release|Any CPU.Build.0 = Release|Any CPU
		{D441D6C9-50A8-4F86-B183-46CC328B5804}.Debug|Any CPU.ActiveCfg = Debug|Any CPU
		{D441D6C9-50A8-4F86-B183-46CC328B5804}.Debug|Any CPU.Build.0 = Debug|Any CPU
		{D441D6C9-50A8-4F86-B183-46CC328B5804}.Release|Any CPU.ActiveCfg = Release|Any CPU
		{D441D6C9-50A8-4F86-B183-46CC328B5804}.Release|Any CPU.Build.0 = Release|Any CPU
		{4E6FEA34-05AF-4801-A2F2-A22EFBC1987E}.Debug|Any CPU.ActiveCfg = Debug|Any CPU
		{4E6FEA34-05AF-4801-A2F2-A22EFBC1987E}.Debug|Any CPU.Build.0 = Debug|Any CPU
		{4E6FEA34-05AF-4801-A2F2-A22EFBC1987E}.Release|Any CPU.ActiveCfg = Release|Any CPU
		{4E6FEA34-05AF-4801-A2F2-A22EFBC1987E}.Release|Any CPU.Build.0 = Release|Any CPU
		{3E16CCB9-F27C-4F86-98B1-F4200299AFBE}.Debug|Any CPU.ActiveCfg = Debug|Any CPU
		{3E16CCB9-F27C-4F86-98B1-F4200299AFBE}.Debug|Any CPU.Build.0 = Debug|Any CPU
		{3E16CCB9-F27C-4F86-98B1-F4200299AFBE}.Release|Any CPU.ActiveCfg = Release|Any CPU
		{3E16CCB9-F27C-4F86-98B1-F4200299AFBE}.Release|Any CPU.Build.0 = Release|Any CPU
		{595A6EEA-A7C9-484E-9C52-013DB40BEC2E}.Debug|Any CPU.ActiveCfg = Debug|Any CPU
		{595A6EEA-A7C9-484E-9C52-013DB40BEC2E}.Debug|Any CPU.Build.0 = Debug|Any CPU
		{595A6EEA-A7C9-484E-9C52-013DB40BEC2E}.Release|Any CPU.ActiveCfg = Release|Any CPU
		{595A6EEA-A7C9-484E-9C52-013DB40BEC2E}.Release|Any CPU.Build.0 = Release|Any CPU
		{6F4AB85D-B4B8-4866-9190-F6318817383A}.Debug|Any CPU.ActiveCfg = Debug|Any CPU
		{6F4AB85D-B4B8-4866-9190-F6318817383A}.Debug|Any CPU.Build.0 = Debug|Any CPU
		{6F4AB85D-B4B8-4866-9190-F6318817383A}.Release|Any CPU.ActiveCfg = Release|Any CPU
		{6F4AB85D-B4B8-4866-9190-F6318817383A}.Release|Any CPU.Build.0 = Release|Any CPU
		{E66AA944-2D76-4A28-A47F-309A1A089E84}.Debug|Any CPU.ActiveCfg = Debug|Any CPU
		{E66AA944-2D76-4A28-A47F-309A1A089E84}.Debug|Any CPU.Build.0 = Debug|Any CPU
		{E66AA944-2D76-4A28-A47F-309A1A089E84}.Release|Any CPU.ActiveCfg = Release|Any CPU
		{E66AA944-2D76-4A28-A47F-309A1A089E84}.Release|Any CPU.Build.0 = Release|Any CPU
		{349EB8DF-3EAC-4DEF-9791-0C1DE8BAD330}.Debug|Any CPU.ActiveCfg = Debug|Any CPU
		{349EB8DF-3EAC-4DEF-9791-0C1DE8BAD330}.Debug|Any CPU.Build.0 = Debug|Any CPU
		{349EB8DF-3EAC-4DEF-9791-0C1DE8BAD330}.Release|Any CPU.ActiveCfg = Release|Any CPU
		{349EB8DF-3EAC-4DEF-9791-0C1DE8BAD330}.Release|Any CPU.Build.0 = Release|Any CPU
		{2592D84B-95D5-4526-A2EE-7B246EEA13CA}.Debug|Any CPU.ActiveCfg = Debug|Any CPU
		{2592D84B-95D5-4526-A2EE-7B246EEA13CA}.Debug|Any CPU.Build.0 = Debug|Any CPU
		{2592D84B-95D5-4526-A2EE-7B246EEA13CA}.Release|Any CPU.ActiveCfg = Release|Any CPU
		{2592D84B-95D5-4526-A2EE-7B246EEA13CA}.Release|Any CPU.Build.0 = Release|Any CPU
		{B9C0861C-CF33-4C0C-81A0-B96A8EBBC9C7}.Debug|Any CPU.ActiveCfg = Debug|Any CPU
		{B9C0861C-CF33-4C0C-81A0-B96A8EBBC9C7}.Debug|Any CPU.Build.0 = Debug|Any CPU
		{B9C0861C-CF33-4C0C-81A0-B96A8EBBC9C7}.Release|Any CPU.ActiveCfg = Release|Any CPU
		{B9C0861C-CF33-4C0C-81A0-B96A8EBBC9C7}.Release|Any CPU.Build.0 = Release|Any CPU
		{8AB88BC1-431B-4CC7-B196-CAE53461EC9D}.Debug|Any CPU.ActiveCfg = Debug|Any CPU
		{8AB88BC1-431B-4CC7-B196-CAE53461EC9D}.Debug|Any CPU.Build.0 = Debug|Any CPU
		{8AB88BC1-431B-4CC7-B196-CAE53461EC9D}.Release|Any CPU.ActiveCfg = Release|Any CPU
		{8AB88BC1-431B-4CC7-B196-CAE53461EC9D}.Release|Any CPU.Build.0 = Release|Any CPU
		{7BC75BA6-1DBC-4134-B80E-5C0CABD43333}.Debug|Any CPU.ActiveCfg = Debug|Any CPU
		{7BC75BA6-1DBC-4134-B80E-5C0CABD43333}.Debug|Any CPU.Build.0 = Debug|Any CPU
		{7BC75BA6-1DBC-4134-B80E-5C0CABD43333}.Release|Any CPU.ActiveCfg = Release|Any CPU
		{7BC75BA6-1DBC-4134-B80E-5C0CABD43333}.Release|Any CPU.Build.0 = Release|Any CPU
		{2125C7B7-E78D-494F-9810-A2758298DC03}.Debug|Any CPU.ActiveCfg = Debug|Any CPU
		{2125C7B7-E78D-494F-9810-A2758298DC03}.Debug|Any CPU.Build.0 = Debug|Any CPU
		{2125C7B7-E78D-494F-9810-A2758298DC03}.Release|Any CPU.ActiveCfg = Release|Any CPU
		{2125C7B7-E78D-494F-9810-A2758298DC03}.Release|Any CPU.Build.0 = Release|Any CPU
		{6FF05329-FD71-4366-810D-0B79ABB8C44A}.Debug|Any CPU.ActiveCfg = Debug|Any CPU
		{6FF05329-FD71-4366-810D-0B79ABB8C44A}.Debug|Any CPU.Build.0 = Debug|Any CPU
		{6FF05329-FD71-4366-810D-0B79ABB8C44A}.Release|Any CPU.ActiveCfg = Release|Any CPU
		{6FF05329-FD71-4366-810D-0B79ABB8C44A}.Release|Any CPU.Build.0 = Release|Any CPU
		{F7CCC4F8-1FC1-4E6C-BB28-757DA02844E5}.Debug|Any CPU.ActiveCfg = Debug|Any CPU
		{F7CCC4F8-1FC1-4E6C-BB28-757DA02844E5}.Debug|Any CPU.Build.0 = Debug|Any CPU
		{F7CCC4F8-1FC1-4E6C-BB28-757DA02844E5}.Release|Any CPU.ActiveCfg = Release|Any CPU
		{F7CCC4F8-1FC1-4E6C-BB28-757DA02844E5}.Release|Any CPU.Build.0 = Release|Any CPU
		{96B7AFE5-204C-43D8-9FAD-B76FC4C9A349}.Debug|Any CPU.ActiveCfg = Debug|Any CPU
		{96B7AFE5-204C-43D8-9FAD-B76FC4C9A349}.Debug|Any CPU.Build.0 = Debug|Any CPU
		{96B7AFE5-204C-43D8-9FAD-B76FC4C9A349}.Release|Any CPU.ActiveCfg = Release|Any CPU
		{96B7AFE5-204C-43D8-9FAD-B76FC4C9A349}.Release|Any CPU.Build.0 = Release|Any CPU
		{F97C3A8E-284B-4F9B-872C-C440847A2AF9}.Debug|Any CPU.ActiveCfg = Debug|Any CPU
		{F97C3A8E-284B-4F9B-872C-C440847A2AF9}.Debug|Any CPU.Build.0 = Debug|Any CPU
		{F97C3A8E-284B-4F9B-872C-C440847A2AF9}.Release|Any CPU.ActiveCfg = Release|Any CPU
		{F97C3A8E-284B-4F9B-872C-C440847A2AF9}.Release|Any CPU.Build.0 = Release|Any CPU
		{35FE5773-604D-4029-96DF-67213C36E854}.Debug|Any CPU.ActiveCfg = Debug|Any CPU
		{35FE5773-604D-4029-96DF-67213C36E854}.Debug|Any CPU.Build.0 = Debug|Any CPU
		{35FE5773-604D-4029-96DF-67213C36E854}.Release|Any CPU.ActiveCfg = Release|Any CPU
		{35FE5773-604D-4029-96DF-67213C36E854}.Release|Any CPU.Build.0 = Release|Any CPU
	EndGlobalSection
	GlobalSection(SolutionProperties) = preSolution
		HideSolutionNode = FALSE
	EndGlobalSection
	GlobalSection(NestedProjects) = preSolution
		{C8F85FF6-5182-4165-A58A-B3F73FF54CD5} = {48A94069-2C6B-41A9-91E1-883B8ACF7CB0}
		{5150DE4C-3CEB-4BF6-B6FE-D8ABA1525506} = {48A94069-2C6B-41A9-91E1-883B8ACF7CB0}
		{B3E387BD-05AE-47CE-8C45-35D0C2E1EC2A} = {48A94069-2C6B-41A9-91E1-883B8ACF7CB0}
		{A54F03E8-63B5-4A29-8988-5AE92491C2F6} = {48A94069-2C6B-41A9-91E1-883B8ACF7CB0}
		{41B872E4-8BDE-437C-9469-C9159CC482B3} = {9D83ED8E-3E55-430A-A661-3E71F4595763}
		{6E12545C-4690-40B4-82DA-EBA92055DC0C} = {9D83ED8E-3E55-430A-A661-3E71F4595763}
		{4C011AA1-6B94-4A1F-AE55-59206D26F65A} = {9D83ED8E-3E55-430A-A661-3E71F4595763}
		{C901D167-5FDF-4430-BCB1-F1B2992FFFDE} = {6C762768-F7CE-47B0-BF82-5D0FF752BB7B}
		{D441D6C9-50A8-4F86-B183-46CC328B5804} = {6C762768-F7CE-47B0-BF82-5D0FF752BB7B}
		{4E6FEA34-05AF-4801-A2F2-A22EFBC1987E} = {6C762768-F7CE-47B0-BF82-5D0FF752BB7B}
		{3E16CCB9-F27C-4F86-98B1-F4200299AFBE} = {79BE843B-D462-4521-A8C8-8ECBEEA2C77F}
		{595A6EEA-A7C9-484E-9C52-013DB40BEC2E} = {79BE843B-D462-4521-A8C8-8ECBEEA2C77F}
		{6F4AB85D-B4B8-4866-9190-F6318817383A} = {95A9141F-9455-4C9A-9F92-F0DF6611AEFB}
		{E66AA944-2D76-4A28-A47F-309A1A089E84} = {48A94069-2C6B-41A9-91E1-883B8ACF7CB0}
		{2592D84B-95D5-4526-A2EE-7B246EEA13CA} = {6C762768-F7CE-47B0-BF82-5D0FF752BB7B}
		{B9C0861C-CF33-4C0C-81A0-B96A8EBBC9C7} = {48A94069-2C6B-41A9-91E1-883B8ACF7CB0}
		{32348EE5-999F-40B8-A4BD-D8A0EAEFA5C1} = {6C762768-F7CE-47B0-BF82-5D0FF752BB7B}
		{8AB88BC1-431B-4CC7-B196-CAE53461EC9D} = {32348EE5-999F-40B8-A4BD-D8A0EAEFA5C1}
		{7BC75BA6-1DBC-4134-B80E-5C0CABD43333} = {48A94069-2C6B-41A9-91E1-883B8ACF7CB0}
		{2125C7B7-E78D-494F-9810-A2758298DC03} = {79BE843B-D462-4521-A8C8-8ECBEEA2C77F}
		{6FF05329-FD71-4366-810D-0B79ABB8C44A} = {79BE843B-D462-4521-A8C8-8ECBEEA2C77F}
		{F7CCC4F8-1FC1-4E6C-BB28-757DA02844E5} = {79BE843B-D462-4521-A8C8-8ECBEEA2C77F}
		{96B7AFE5-204C-43D8-9FAD-B76FC4C9A349} = {F55F0263-F6F7-4AC7-9AAF-013983B5A88C}
		{F97C3A8E-284B-4F9B-872C-C440847A2AF9} = {48A94069-2C6B-41A9-91E1-883B8ACF7CB0}
		{35FE5773-604D-4029-96DF-67213C36E854} = {F55F0263-F6F7-4AC7-9AAF-013983B5A88C}
	EndGlobalSection
	GlobalSection(ExtensibilityGlobals) = postSolution
		SolutionGuid = {0AD3122D-F1CC-49FB-A89D-10871AD79CA3}
	EndGlobalSection
EndGlobal
