
Microsoft Visual Studio Solution File, Format Version 12.00
# Visual Studio Version 16
VisualStudioVersion = 16.0.30907.101
MinimumVisualStudioVersion = 10.0.40219.1
Project("{9A19103F-16F7-4668-BE54-9A1E7A4F7556}") = "Algoritimodotnet", "Algoritimodotnet\Algoritimodotnet.csproj", "{C8F85FF6-5182-4165-A58A-B3F73FF54CD5}"
EndProject
Project("{9A19103F-16F7-4668-BE54-9A1E7A4F7556}") = "Aula3 variaveis", "Aula3 variaveis\Aula3 variaveis.csproj", "{5150DE4C-3CEB-4BF6-B6FE-D8ABA1525506}"
EndProject
Project("{9A19103F-16F7-4668-BE54-9A1E7A4F7556}") = "Aula5Operadores", "Aula5Operadores\Aula5Operadores.csproj", "{B3E387BD-05AE-47CE-8C45-35D0C2E1EC2A}"
EndProject
Project("{9A19103F-16F7-4668-BE54-9A1E7A4F7556}") = "Aula6-formatansosaida", "Aula6-formatansosaida\Aula6-formatansosaida.csproj", "{A54F03E8-63B5-4A29-8988-5AE92491C2F6}"
EndProject
Project("{2150E333-8FDC-42A3-9474-1A3956D46DE8}") = "CFB", "CFB", "{48A94069-2C6B-41A9-91E1-883B8ACF7CB0}"
EndProject
Project("{9A19103F-16F7-4668-BE54-9A1E7A4F7556}") = "DIO-Solução de problemas em C", "DIO-Solução de problemas em C\DIO-Solução de problemas em C.csproj", "{41B872E4-8BDE-437C-9469-C9159CC482B3}"
EndProject
Project("{2150E333-8FDC-42A3-9474-1A3956D46DE8}") = "DIOSoluçãoDeProblemas", "DIOSoluçãoDeProblemas", "{9D83ED8E-3E55-430A-A661-3E71F4595763}"
EndProject
Project("{9A19103F-16F7-4668-BE54-9A1E7A4F7556}") = "DDD Solucao2", "DDD Solucao2\DDD Solucao2.csproj", "{6E12545C-4690-40B4-82DA-EBA92055DC0C}"
EndProject
Project("{9A19103F-16F7-4668-BE54-9A1E7A4F7556}") = "Solucao 3 Aumento de Salario", "Solucao 3 Aumento de Salario\Solucao 3 Aumento de Salario.csproj", "{4C011AA1-6B94-4A1F-AE55-59206D26F65A}"
EndProject
Project("{9A19103F-16F7-4668-BE54-9A1E7A4F7556}") = "Hack", "Hack\Hack.csproj", "{C901D167-5FDF-4430-BCB1-F1B2992FFFDE}"
EndProject
Project("{2150E333-8FDC-42A3-9474-1A3956D46DE8}") = "HakeHank", "HakeHank", "{6C762768-F7CE-47B0-BF82-5D0FF752BB7B}"
EndProject
Project("{9A19103F-16F7-4668-BE54-9A1E7A4F7556}") = "Simple Array Sum", "Simple Array Sum\Simple Array Sum.csproj", "{D441D6C9-50A8-4F86-B183-46CC328B5804}"
EndProject
Project("{9A19103F-16F7-4668-BE54-9A1E7A4F7556}") = "Compare the Triplets", "Compare the Triplets\Compare the Triplets.csproj", "{4E6FEA34-05AF-4801-A2F2-A22EFBC1987E}"
EndProject
Project("{FAE04EC0-301F-11D3-BF4B-00C04F79EFBC}") = "Solucao-Aritimetica-primeiro", "..\Solucao-Aritimetica-primeiro\Solucao-Aritimetica-primeiro.csproj", "{3E16CCB9-F27C-4F86-98B1-F4200299AFBE}"
EndProject
Project("{2150E333-8FDC-42A3-9474-1A3956D46DE8}") = "DIO-Solucao-Aritimetica", "DIO-Solucao-Aritimetica", "{79BE843B-D462-4521-A8C8-8ECBEEA2C77F}"
EndProject
Project("{FAE04EC0-301F-11D3-BF4B-00C04F79EFBC}") = "cresimento-populacional-segundo", "cresimento-populacional-segundo\cresimento-populacional-segundo.csproj", "{595A6EEA-A7C9-484E-9C52-013DB40BEC2E}"
EndProject
Project("{FAE04EC0-301F-11D3-BF4B-00C04F79EFBC}") = "List Aula57", "List Aula57\List Aula57.csproj", "{6F4AB85D-B4B8-4866-9190-F6318817383A}"
EndProject
Project("{FAE04EC0-301F-11D3-BF4B-00C04F79EFBC}") = "AUla-56 LinkdList", "AUla-56 LinkdList\AUla-56 LinkdList.csproj", "{E66AA944-2D76-4A28-A47F-309A1A089E84}"
EndProject
Global
	GlobalSection(SolutionConfigurationPlatforms) = preSolution
		Debug|Any CPU = Debug|Any CPU
		Release|Any CPU = Release|Any CPU
	EndGlobalSection
	GlobalSection(ProjectConfigurationPlatforms) = postSolution
		{C8F85FF6-5182-4165-A58A-B3F73FF54CD5}.Debug|Any CPU.ActiveCfg = Debug|Any CPU
		{C8F85FF6-5182-4165-A58A-B3F73FF54CD5}.Debug|Any CPU.Build.0 = Debug|Any CPU
		{C8F85FF6-5182-4165-A58A-B3F73FF54CD5}.Release|Any CPU.ActiveCfg = Release|Any CPU
		{C8F85FF6-5182-4165-A58A-B3F73FF54CD5}.Release|Any CPU.Build.0 = Release|Any CPU
		{5150DE4C-3CEB-4BF6-B6FE-D8ABA1525506}.Debug|Any CPU.ActiveCfg = Debug|Any CPU
		{5150DE4C-3CEB-4BF6-B6FE-D8ABA1525506}.Debug|Any CPU.Build.0 = Debug|Any CPU
		{5150DE4C-3CEB-4BF6-B6FE-D8ABA1525506}.Release|Any CPU.ActiveCfg = Release|Any CPU
		{5150DE4C-3CEB-4BF6-B6FE-D8ABA1525506}.Release|Any CPU.Build.0 = Release|Any CPU
		{B3E387BD-05AE-47CE-8C45-35D0C2E1EC2A}.Debug|Any CPU.ActiveCfg = Debug|Any CPU
		{B3E387BD-05AE-47CE-8C45-35D0C2E1EC2A}.Debug|Any CPU.Build.0 = Debug|Any CPU
		{B3E387BD-05AE-47CE-8C45-35D0C2E1EC2A}.Release|Any CPU.ActiveCfg = Release|Any CPU
		{B3E387BD-05AE-47CE-8C45-35D0C2E1EC2A}.Release|Any CPU.Build.0 = Release|Any CPU
		{A54F03E8-63B5-4A29-8988-5AE92491C2F6}.Debug|Any CPU.ActiveCfg = Debug|Any CPU
		{A54F03E8-63B5-4A29-8988-5AE92491C2F6}.Debug|Any CPU.Build.0 = Debug|Any CPU
		{A54F03E8-63B5-4A29-8988-5AE92491C2F6}.Release|Any CPU.ActiveCfg = Release|Any CPU
		{A54F03E8-63B5-4A29-8988-5AE92491C2F6}.Release|Any CPU.Build.0 = Release|Any CPU
		{41B872E4-8BDE-437C-9469-C9159CC482B3}.Debug|Any CPU.ActiveCfg = Debug|Any CPU
		{41B872E4-8BDE-437C-9469-C9159CC482B3}.Debug|Any CPU.Build.0 = Debug|Any CPU
		{41B872E4-8BDE-437C-9469-C9159CC482B3}.Release|Any CPU.ActiveCfg = Release|Any CPU
		{41B872E4-8BDE-437C-9469-C9159CC482B3}.Release|Any CPU.Build.0 = Release|Any CPU
		{6E12545C-4690-40B4-82DA-EBA92055DC0C}.Debug|Any CPU.ActiveCfg = Debug|Any CPU
		{6E12545C-4690-40B4-82DA-EBA92055DC0C}.Debug|Any CPU.Build.0 = Debug|Any CPU
		{6E12545C-4690-40B4-82DA-EBA92055DC0C}.Release|Any CPU.ActiveCfg = Release|Any CPU
		{6E12545C-4690-40B4-82DA-EBA92055DC0C}.Release|Any CPU.Build.0 = Release|Any CPU
		{4C011AA1-6B94-4A1F-AE55-59206D26F65A}.Debug|Any CPU.ActiveCfg = Debug|Any CPU
		{4C011AA1-6B94-4A1F-AE55-59206D26F65A}.Debug|Any CPU.Build.0 = Debug|Any CPU
		{4C011AA1-6B94-4A1F-AE55-59206D26F65A}.Release|Any CPU.ActiveCfg = Release|Any CPU
		{4C011AA1-6B94-4A1F-AE55-59206D26F65A}.Release|Any CPU.Build.0 = Release|Any CPU
		{C901D167-5FDF-4430-BCB1-F1B2992FFFDE}.Debug|Any CPU.ActiveCfg = Debug|Any CPU
		{C901D167-5FDF-4430-BCB1-F1B2992FFFDE}.Debug|Any CPU.Build.0 = Debug|Any CPU
		{C901D167-5FDF-4430-BCB1-F1B2992FFFDE}.Release|Any CPU.ActiveCfg = Release|Any CPU
		{C901D167-5FDF-4430-BCB1-F1B2992FFFDE}.Release|Any CPU.Build.0 = Release|Any CPU
		{D441D6C9-50A8-4F86-B183-46CC328B5804}.Debug|Any CPU.ActiveCfg = Debug|Any CPU
		{D441D6C9-50A8-4F86-B183-46CC328B5804}.Debug|Any CPU.Build.0 = Debug|Any CPU
		{D441D6C9-50A8-4F86-B183-46CC328B5804}.Release|Any CPU.ActiveCfg = Release|Any CPU
		{D441D6C9-50A8-4F86-B183-46CC328B5804}.Release|Any CPU.Build.0 = Release|Any CPU
		{4E6FEA34-05AF-4801-A2F2-A22EFBC1987E}.Debug|Any CPU.ActiveCfg = Debug|Any CPU
		{4E6FEA34-05AF-4801-A2F2-A22EFBC1987E}.Debug|Any CPU.Build.0 = Debug|Any CPU
		{4E6FEA34-05AF-4801-A2F2-A22EFBC1987E}.Release|Any CPU.ActiveCfg = Release|Any CPU
		{4E6FEA34-05AF-4801-A2F2-A22EFBC1987E}.Release|Any CPU.Build.0 = Release|Any CPU
		{3E16CCB9-F27C-4F86-98B1-F4200299AFBE}.Debug|Any CPU.ActiveCfg = Debug|Any CPU
		{3E16CCB9-F27C-4F86-98B1-F4200299AFBE}.Debug|Any CPU.Build.0 = Debug|Any CPU
		{3E16CCB9-F27C-4F86-98B1-F4200299AFBE}.Release|Any CPU.ActiveCfg = Release|Any CPU
		{3E16CCB9-F27C-4F86-98B1-F4200299AFBE}.Release|Any CPU.Build.0 = Release|Any CPU
		{595A6EEA-A7C9-484E-9C52-013DB40BEC2E}.Debug|Any CPU.ActiveCfg = Debug|Any CPU
		{595A6EEA-A7C9-484E-9C52-013DB40BEC2E}.Debug|Any CPU.Build.0 = Debug|Any CPU
		{595A6EEA-A7C9-484E-9C52-013DB40BEC2E}.Release|Any CPU.ActiveCfg = Release|Any CPU
		{595A6EEA-A7C9-484E-9C52-013DB40BEC2E}.Release|Any CPU.Build.0 = Release|Any CPU
		{6F4AB85D-B4B8-4866-9190-F6318817383A}.Debug|Any CPU.ActiveCfg = Debug|Any CPU
		{6F4AB85D-B4B8-4866-9190-F6318817383A}.Debug|Any CPU.Build.0 = Debug|Any CPU
		{6F4AB85D-B4B8-4866-9190-F6318817383A}.Release|Any CPU.ActiveCfg = Release|Any CPU
		{6F4AB85D-B4B8-4866-9190-F6318817383A}.Release|Any CPU.Build.0 = Release|Any CPU
		{E66AA944-2D76-4A28-A47F-309A1A089E84}.Debug|Any CPU.ActiveCfg = Debug|Any CPU
		{E66AA944-2D76-4A28-A47F-309A1A089E84}.Debug|Any CPU.Build.0 = Debug|Any CPU
		{E66AA944-2D76-4A28-A47F-309A1A089E84}.Release|Any CPU.ActiveCfg = Release|Any CPU
		{E66AA944-2D76-4A28-A47F-309A1A089E84}.Release|Any CPU.Build.0 = Release|Any CPU
	EndGlobalSection
	GlobalSection(SolutionProperties) = preSolution
		HideSolutionNode = FALSE
	EndGlobalSection
	GlobalSection(NestedProjects) = preSolution
		{C8F85FF6-5182-4165-A58A-B3F73FF54CD5} = {48A94069-2C6B-41A9-91E1-883B8ACF7CB0}
		{5150DE4C-3CEB-4BF6-B6FE-D8ABA1525506} = {48A94069-2C6B-41A9-91E1-883B8ACF7CB0}
		{B3E387BD-05AE-47CE-8C45-35D0C2E1EC2A} = {48A94069-2C6B-41A9-91E1-883B8ACF7CB0}
		{A54F03E8-63B5-4A29-8988-5AE92491C2F6} = {48A94069-2C6B-41A9-91E1-883B8ACF7CB0}
		{41B872E4-8BDE-437C-9469-C9159CC482B3} = {9D83ED8E-3E55-430A-A661-3E71F4595763}
		{6E12545C-4690-40B4-82DA-EBA92055DC0C} = {9D83ED8E-3E55-430A-A661-3E71F4595763}
		{4C011AA1-6B94-4A1F-AE55-59206D26F65A} = {9D83ED8E-3E55-430A-A661-3E71F4595763}
		{C901D167-5FDF-4430-BCB1-F1B2992FFFDE} = {6C762768-F7CE-47B0-BF82-5D0FF752BB7B}
		{D441D6C9-50A8-4F86-B183-46CC328B5804} = {6C762768-F7CE-47B0-BF82-5D0FF752BB7B}
		{4E6FEA34-05AF-4801-A2F2-A22EFBC1987E} = {6C762768-F7CE-47B0-BF82-5D0FF752BB7B}
		{3E16CCB9-F27C-4F86-98B1-F4200299AFBE} = {79BE843B-D462-4521-A8C8-8ECBEEA2C77F}
		{595A6EEA-A7C9-484E-9C52-013DB40BEC2E} = {79BE843B-D462-4521-A8C8-8ECBEEA2C77F}
		{6F4AB85D-B4B8-4866-9190-F6318817383A} = {48A94069-2C6B-41A9-91E1-883B8ACF7CB0}
		{E66AA944-2D76-4A28-A47F-309A1A089E84} = {48A94069-2C6B-41A9-91E1-883B8ACF7CB0}
	EndGlobalSection
	GlobalSection(ExtensibilityGlobals) = postSolution
		SolutionGuid = {0AD3122D-F1CC-49FB-A89D-10871AD79CA3}
	EndGlobalSection
EndGlobal
